
Microsoft Visual Studio Solution File, Format Version 12.00
# Visual Studio Version 17
VisualStudioVersion = 17.7.34031.279
MinimumVisualStudioVersion = 10.0.40219.1
Project("{FAE04EC0-301F-11D3-BF4B-00C04F79EFBC}") = "Staggs_Array", "Staggs_Array\Staggs_Array.csproj", "{98FF5AFC-3226-447C-A29E-E61852B48059}"
EndProject
Global
	GlobalSection(SolutionConfigurationPlatforms) = preSolution
		Debug|Any CPU = Debug|Any CPU
		Release|Any CPU = Release|Any CPU
	EndGlobalSection
	GlobalSection(ProjectConfigurationPlatforms) = postSolution
		{98FF5AFC-3226-447C-A29E-E61852B48059}.Debug|Any CPU.ActiveCfg = Debug|Any CPU
		{98FF5AFC-3226-447C-A29E-E61852B48059}.Debug|Any CPU.Build.0 = Debug|Any CPU
		{98FF5AFC-3226-447C-A29E-E61852B48059}.Release|Any CPU.ActiveCfg = Release|Any CPU
		{98FF5AFC-3226-447C-A29E-E61852B48059}.Release|Any CPU.Build.0 = Release|Any CPU
	EndGlobalSection
	GlobalSection(SolutionProperties) = preSolution
		HideSolutionNode = FALSE
	EndGlobalSection
	GlobalSection(ExtensibilityGlobals) = postSolution
		SolutionGuid = {B65FDE10-BBC0-4C19-BA31-1AA76F8DE272}
	EndGlobalSection
EndGlobal
